
Microsoft Visual Studio Solution File, Format Version 12.00
Project("{FAE04EC0-301F-11D3-BF4B-00C04F79EFBC}") = "HW-02-numeric-analysis", "HW-02-numeric-analysis\HW-02-numeric-analysis.csproj", "{6A0D69A3-67F6-4991-B4F5-12C97D98EE68}"
EndProject
Project("{FAE04EC0-301F-11D3-BF4B-00C04F79EFBC}") = "Tests", "Tests\Tests.csproj", "{8B268489-C757-44A8-BE86-9666DE5E6DEA}"
EndProject
Global
	GlobalSection(SolutionConfigurationPlatforms) = preSolution
		Debug|Any CPU = Debug|Any CPU
		Release|Any CPU = Release|Any CPU
	EndGlobalSection
	GlobalSection(ProjectConfigurationPlatforms) = postSolution
		{6A0D69A3-67F6-4991-B4F5-12C97D98EE68}.Debug|Any CPU.ActiveCfg = Debug|Any CPU
		{6A0D69A3-67F6-4991-B4F5-12C97D98EE68}.Debug|Any CPU.Build.0 = Debug|Any CPU
		{6A0D69A3-67F6-4991-B4F5-12C97D98EE68}.Release|Any CPU.ActiveCfg = Release|Any CPU
		{6A0D69A3-67F6-4991-B4F5-12C97D98EE68}.Release|Any CPU.Build.0 = Release|Any CPU
		{8B268489-C757-44A8-BE86-9666DE5E6DEA}.Debug|Any CPU.ActiveCfg = Debug|Any CPU
		{8B268489-C757-44A8-BE86-9666DE5E6DEA}.Debug|Any CPU.Build.0 = Debug|Any CPU
		{8B268489-C757-44A8-BE86-9666DE5E6DEA}.Release|Any CPU.ActiveCfg = Release|Any CPU
		{8B268489-C757-44A8-BE86-9666DE5E6DEA}.Release|Any CPU.Build.0 = Release|Any CPU
	EndGlobalSection
EndGlobal
